// !$*UTF8*$!
{
	archiveVersion = 1;
	classes = {
	};
	objectVersion = 56;
	objects = {

/* Begin PBXBuildFile section */
		9D0033FB2C11CC8A001A0FFD /* MockCharacterDetailPresenter.swift in Sources */ = {isa = PBXBuildFile; fileRef = 9D0033FA2C11CC8A001A0FFD /* MockCharacterDetailPresenter.swift */; };
		9D0033FD2C11CCF2001A0FFD /* CharacterDetailInteractorTests.swift in Sources */ = {isa = PBXBuildFile; fileRef = 9D0033FC2C11CCF2001A0FFD /* CharacterDetailInteractorTests.swift */; };
		9D0034012C11D1D6001A0FFD /* MockCharacterDetailCoordinator.swift in Sources */ = {isa = PBXBuildFile; fileRef = 9D0034002C11D1D6001A0FFD /* MockCharacterDetailCoordinator.swift */; };
		9D0D28502C06F19000C6F4DC /* CharacterDetailView.swift in Sources */ = {isa = PBXBuildFile; fileRef = 9D0D284F2C06F19000C6F4DC /* CharacterDetailView.swift */; };
		9D0D28522C06F1A000C6F4DC /* CharacterDetailViewController.swift in Sources */ = {isa = PBXBuildFile; fileRef = 9D0D28512C06F1A000C6F4DC /* CharacterDetailViewController.swift */; };
		9D0D28542C06F1AB00C6F4DC /* CharacterDetailViewController+Build.swift in Sources */ = {isa = PBXBuildFile; fileRef = 9D0D28532C06F1AB00C6F4DC /* CharacterDetailViewController+Build.swift */; };
		9D0D28562C06F1B500C6F4DC /* CharacterDetailInteractor.swift in Sources */ = {isa = PBXBuildFile; fileRef = 9D0D28552C06F1B500C6F4DC /* CharacterDetailInteractor.swift */; };
		9D0D28582C06F1C100C6F4DC /* CharacterDetailPresenter.swift in Sources */ = {isa = PBXBuildFile; fileRef = 9D0D28572C06F1C100C6F4DC /* CharacterDetailPresenter.swift */; };
		9D0D285A2C06F1CD00C6F4DC /* CharacterDetailViewModel.swift in Sources */ = {isa = PBXBuildFile; fileRef = 9D0D28592C06F1CD00C6F4DC /* CharacterDetailViewModel.swift */; };
		9D0D285D2C071DB700C6F4DC /* CharacterDetailTableViewCell.swift in Sources */ = {isa = PBXBuildFile; fileRef = 9D0D285C2C071DB700C6F4DC /* CharacterDetailTableViewCell.swift */; };
		9D0D28612C07239300C6F4DC /* MarvelLoadingViewController.swift in Sources */ = {isa = PBXBuildFile; fileRef = 9D0D28602C07239300C6F4DC /* MarvelLoadingViewController.swift */; };
		9D0D28652C0723B700C6F4DC /* MarvelLoadingDisplayable.swift in Sources */ = {isa = PBXBuildFile; fileRef = 9D0D28642C0723B700C6F4DC /* MarvelLoadingDisplayable.swift */; };
		9D0D28672C07242F00C6F4DC /* MarvelLoadingView.swift in Sources */ = {isa = PBXBuildFile; fileRef = 9D0D28662C07242F00C6F4DC /* MarvelLoadingView.swift */; };
		9D0D28692C07555500C6F4DC /* ENV.swift in Sources */ = {isa = PBXBuildFile; fileRef = 9D0D28682C07555500C6F4DC /* ENV.swift */; };
		9D0D286D2C0755BC00C6F4DC /* String+MD5.swift in Sources */ = {isa = PBXBuildFile; fileRef = 9D0D286C2C0755BC00C6F4DC /* String+MD5.swift */; };
		9D0D28732C0764D500C6F4DC /* MarvelRegular.ttf in Resources */ = {isa = PBXBuildFile; fileRef = 9D0D28722C0764D500C6F4DC /* MarvelRegular.ttf */; };
		9D0D28752C07653B00C6F4DC /* FontManager.swift in Sources */ = {isa = PBXBuildFile; fileRef = 9D0D28742C07653B00C6F4DC /* FontManager.swift */; };
		9D0FAA4C2C05FC24001F41A6 /* AppDelegate.swift in Sources */ = {isa = PBXBuildFile; fileRef = 9D0FAA4B2C05FC24001F41A6 /* AppDelegate.swift */; };
		9D0FAA4E2C05FC24001F41A6 /* SceneDelegate.swift in Sources */ = {isa = PBXBuildFile; fileRef = 9D0FAA4D2C05FC24001F41A6 /* SceneDelegate.swift */; };
		9D0FAA552C05FC25001F41A6 /* Assets.xcassets in Resources */ = {isa = PBXBuildFile; fileRef = 9D0FAA542C05FC25001F41A6 /* Assets.xcassets */; };
		9D0FAA582C05FC25001F41A6 /* LaunchScreen.storyboard in Resources */ = {isa = PBXBuildFile; fileRef = 9D0FAA562C05FC25001F41A6 /* LaunchScreen.storyboard */; };
		9D0FAA642C060077001F41A6 /* NetworkLayerConstant.swift in Sources */ = {isa = PBXBuildFile; fileRef = 9D0FAA632C060077001F41A6 /* NetworkLayerConstant.swift */; };
		9D0FAA662C0600E1001F41A6 /* Character.swift in Sources */ = {isa = PBXBuildFile; fileRef = 9D0FAA652C0600E1001F41A6 /* Character.swift */; };
		9D0FAA682C0602D2001F41A6 /* CharacterService.swift in Sources */ = {isa = PBXBuildFile; fileRef = 9D0FAA672C0602D2001F41A6 /* CharacterService.swift */; };
		9D0FAA712C0603E3001F41A6 /* MarvelCharactersView.swift in Sources */ = {isa = PBXBuildFile; fileRef = 9D0FAA702C0603E3001F41A6 /* MarvelCharactersView.swift */; };
		9D0FAA732C0603F7001F41A6 /* MarvelCharactersViewController.swift in Sources */ = {isa = PBXBuildFile; fileRef = 9D0FAA722C0603F7001F41A6 /* MarvelCharactersViewController.swift */; };
		9D0FAA752C060407001F41A6 /* MarvelCharactersViewController+Build.swift in Sources */ = {isa = PBXBuildFile; fileRef = 9D0FAA742C060407001F41A6 /* MarvelCharactersViewController+Build.swift */; };
		9D0FAA772C060419001F41A6 /* MarvelCharactersFlowCoordinator.swift in Sources */ = {isa = PBXBuildFile; fileRef = 9D0FAA762C060419001F41A6 /* MarvelCharactersFlowCoordinator.swift */; };
		9D0FAA792C060424001F41A6 /* MarvelCharactersFlowCoordinator+Build.swift in Sources */ = {isa = PBXBuildFile; fileRef = 9D0FAA782C060424001F41A6 /* MarvelCharactersFlowCoordinator+Build.swift */; };
		9D0FAA7B2C060432001F41A6 /* MarvelCharactersFlowCoordinatorModule.swift in Sources */ = {isa = PBXBuildFile; fileRef = 9D0FAA7A2C060432001F41A6 /* MarvelCharactersFlowCoordinatorModule.swift */; };
		9D0FAA7D2C06043E001F41A6 /* MarvelCharactersFlowCoordinatorAssembly.swift in Sources */ = {isa = PBXBuildFile; fileRef = 9D0FAA7C2C06043E001F41A6 /* MarvelCharactersFlowCoordinatorAssembly.swift */; };
		9D0FAA7F2C060466001F41A6 /* MarvelCharactersInteractor.swift in Sources */ = {isa = PBXBuildFile; fileRef = 9D0FAA7E2C060466001F41A6 /* MarvelCharactersInteractor.swift */; };
		9D0FAA812C06046F001F41A6 /* MarvelCharactersPresenter.swift in Sources */ = {isa = PBXBuildFile; fileRef = 9D0FAA802C06046F001F41A6 /* MarvelCharactersPresenter.swift */; };
		9D0FAA852C060632001F41A6 /* ApplicationFlowCoordinator.swift in Sources */ = {isa = PBXBuildFile; fileRef = 9D0FAA842C060632001F41A6 /* ApplicationFlowCoordinator.swift */; };
		9D0FAA872C060642001F41A6 /* ApplicationFlowCoordinator+Build.swift in Sources */ = {isa = PBXBuildFile; fileRef = 9D0FAA862C060642001F41A6 /* ApplicationFlowCoordinator+Build.swift */; };
		9D0FAA892C06064C001F41A6 /* ApplicationFlowCoordinatorModule.swift in Sources */ = {isa = PBXBuildFile; fileRef = 9D0FAA882C06064C001F41A6 /* ApplicationFlowCoordinatorModule.swift */; };
		9D0FAA8B2C06065E001F41A6 /* ApplicationFlowCoordinatorAssembly.swift in Sources */ = {isa = PBXBuildFile; fileRef = 9D0FAA8A2C06065E001F41A6 /* ApplicationFlowCoordinatorAssembly.swift */; };
		9D0FAA8E2C060AEA001F41A6 /* CoreAssembly.swift in Sources */ = {isa = PBXBuildFile; fileRef = 9D0FAA8D2C060AEA001F41A6 /* CoreAssembly.swift */; };
		9D0FAA932C063546001F41A6 /* CharacterViewModel.swift in Sources */ = {isa = PBXBuildFile; fileRef = 9D0FAA922C063546001F41A6 /* CharacterViewModel.swift */; };
		9D0FAA962C0636C7001F41A6 /* CharacterTableViewCell.swift in Sources */ = {isa = PBXBuildFile; fileRef = 9D0FAA952C0636C7001F41A6 /* CharacterTableViewCell.swift */; };
		9D8AED112C0FD29700412E20 /* MarvelAppTests.swift in Sources */ = {isa = PBXBuildFile; fileRef = 9D8AED102C0FD29700412E20 /* MarvelAppTests.swift */; };
		9D8AED182C0FD2CE00412E20 /* CharacterDetailPresenterTests.swift in Sources */ = {isa = PBXBuildFile; fileRef = 9D8AED172C0FD2CE00412E20 /* CharacterDetailPresenterTests.swift */; };
		9D8AED1E2C0FD33000412E20 /* MockCharacterDetailViewController.swift in Sources */ = {isa = PBXBuildFile; fileRef = 9D8AED1D2C0FD33000412E20 /* MockCharacterDetailViewController.swift */; };
		9DB103152C085BAD00D51703 /* ConstraintManager.swift in Sources */ = {isa = PBXBuildFile; fileRef = 9DB103142C085BAD00D51703 /* ConstraintManager.swift */; };
		C9C24D98C56F93B34DD7DD4B /* Pods_MarvelApp.framework in Frameworks */ = {isa = PBXBuildFile; fileRef = B650E9CD248ED369F1E4F45F /* Pods_MarvelApp.framework */; };
/* End PBXBuildFile section */

/* Begin PBXContainerItemProxy section */
		9D8AED122C0FD29700412E20 /* PBXContainerItemProxy */ = {
			isa = PBXContainerItemProxy;
			containerPortal = 9D0FAA402C05FC24001F41A6 /* Project object */;
			proxyType = 1;
			remoteGlobalIDString = 9D0FAA472C05FC24001F41A6;
			remoteInfo = MarvelApp;
		};
/* End PBXContainerItemProxy section */

/* Begin PBXFileReference section */
		5ED6CEC1403B78C59D09E9C1 /* Pods-MarvelApp.debug.xcconfig */ = {isa = PBXFileReference; includeInIndex = 1; lastKnownFileType = text.xcconfig; name = "Pods-MarvelApp.debug.xcconfig"; path = "Target Support Files/Pods-MarvelApp/Pods-MarvelApp.debug.xcconfig"; sourceTree = "<group>"; };
		9B0AF4AD7805A7D79F6C20F7 /* Pods-MarvelApp.release.xcconfig */ = {isa = PBXFileReference; includeInIndex = 1; lastKnownFileType = text.xcconfig; name = "Pods-MarvelApp.release.xcconfig"; path = "Target Support Files/Pods-MarvelApp/Pods-MarvelApp.release.xcconfig"; sourceTree = "<group>"; };
		9D0033FA2C11CC8A001A0FFD /* MockCharacterDetailPresenter.swift */ = {isa = PBXFileReference; lastKnownFileType = sourcecode.swift; path = MockCharacterDetailPresenter.swift; sourceTree = "<group>"; };
		9D0033FC2C11CCF2001A0FFD /* CharacterDetailInteractorTests.swift */ = {isa = PBXFileReference; lastKnownFileType = sourcecode.swift; path = CharacterDetailInteractorTests.swift; sourceTree = "<group>"; };
		9D0034002C11D1D6001A0FFD /* MockCharacterDetailCoordinator.swift */ = {isa = PBXFileReference; lastKnownFileType = sourcecode.swift; path = MockCharacterDetailCoordinator.swift; sourceTree = "<group>"; };
		9D0D284F2C06F19000C6F4DC /* CharacterDetailView.swift */ = {isa = PBXFileReference; lastKnownFileType = sourcecode.swift; path = CharacterDetailView.swift; sourceTree = "<group>"; };
		9D0D28512C06F1A000C6F4DC /* CharacterDetailViewController.swift */ = {isa = PBXFileReference; lastKnownFileType = sourcecode.swift; path = CharacterDetailViewController.swift; sourceTree = "<group>"; };
		9D0D28532C06F1AB00C6F4DC /* CharacterDetailViewController+Build.swift */ = {isa = PBXFileReference; lastKnownFileType = sourcecode.swift; path = "CharacterDetailViewController+Build.swift"; sourceTree = "<group>"; };
		9D0D28552C06F1B500C6F4DC /* CharacterDetailInteractor.swift */ = {isa = PBXFileReference; lastKnownFileType = sourcecode.swift; path = CharacterDetailInteractor.swift; sourceTree = "<group>"; };
		9D0D28572C06F1C100C6F4DC /* CharacterDetailPresenter.swift */ = {isa = PBXFileReference; lastKnownFileType = sourcecode.swift; path = CharacterDetailPresenter.swift; sourceTree = "<group>"; };
		9D0D28592C06F1CD00C6F4DC /* CharacterDetailViewModel.swift */ = {isa = PBXFileReference; lastKnownFileType = sourcecode.swift; path = CharacterDetailViewModel.swift; sourceTree = "<group>"; };
		9D0D285C2C071DB700C6F4DC /* CharacterDetailTableViewCell.swift */ = {isa = PBXFileReference; lastKnownFileType = sourcecode.swift; path = CharacterDetailTableViewCell.swift; sourceTree = "<group>"; };
		9D0D28602C07239300C6F4DC /* MarvelLoadingViewController.swift */ = {isa = PBXFileReference; lastKnownFileType = sourcecode.swift; path = MarvelLoadingViewController.swift; sourceTree = "<group>"; };
		9D0D28642C0723B700C6F4DC /* MarvelLoadingDisplayable.swift */ = {isa = PBXFileReference; lastKnownFileType = sourcecode.swift; path = MarvelLoadingDisplayable.swift; sourceTree = "<group>"; };
		9D0D28662C07242F00C6F4DC /* MarvelLoadingView.swift */ = {isa = PBXFileReference; lastKnownFileType = sourcecode.swift; path = MarvelLoadingView.swift; sourceTree = "<group>"; };
		9D0D28682C07555500C6F4DC /* ENV.swift */ = {isa = PBXFileReference; lastKnownFileType = sourcecode.swift; path = ENV.swift; sourceTree = "<group>"; };
		9D0D286C2C0755BC00C6F4DC /* String+MD5.swift */ = {isa = PBXFileReference; lastKnownFileType = sourcecode.swift; path = "String+MD5.swift"; sourceTree = "<group>"; };
		9D0D28722C0764D500C6F4DC /* MarvelRegular.ttf */ = {isa = PBXFileReference; lastKnownFileType = file; path = MarvelRegular.ttf; sourceTree = "<group>"; };
		9D0D28742C07653B00C6F4DC /* FontManager.swift */ = {isa = PBXFileReference; lastKnownFileType = sourcecode.swift; path = FontManager.swift; sourceTree = "<group>"; };
		9D0FAA482C05FC24001F41A6 /* MarvelApp.app */ = {isa = PBXFileReference; explicitFileType = wrapper.application; includeInIndex = 0; path = MarvelApp.app; sourceTree = BUILT_PRODUCTS_DIR; };
		9D0FAA4B2C05FC24001F41A6 /* AppDelegate.swift */ = {isa = PBXFileReference; lastKnownFileType = sourcecode.swift; path = AppDelegate.swift; sourceTree = "<group>"; };
		9D0FAA4D2C05FC24001F41A6 /* SceneDelegate.swift */ = {isa = PBXFileReference; lastKnownFileType = sourcecode.swift; path = SceneDelegate.swift; sourceTree = "<group>"; };
		9D0FAA542C05FC25001F41A6 /* Assets.xcassets */ = {isa = PBXFileReference; lastKnownFileType = folder.assetcatalog; path = Assets.xcassets; sourceTree = "<group>"; };
		9D0FAA572C05FC25001F41A6 /* Base */ = {isa = PBXFileReference; lastKnownFileType = file.storyboard; name = Base; path = Base.lproj/LaunchScreen.storyboard; sourceTree = "<group>"; };
		9D0FAA592C05FC25001F41A6 /* Info.plist */ = {isa = PBXFileReference; lastKnownFileType = text.plist.xml; path = Info.plist; sourceTree = "<group>"; };
		9D0FAA632C060077001F41A6 /* NetworkLayerConstant.swift */ = {isa = PBXFileReference; lastKnownFileType = sourcecode.swift; path = NetworkLayerConstant.swift; sourceTree = "<group>"; };
		9D0FAA652C0600E1001F41A6 /* Character.swift */ = {isa = PBXFileReference; lastKnownFileType = sourcecode.swift; path = Character.swift; sourceTree = "<group>"; };
		9D0FAA672C0602D2001F41A6 /* CharacterService.swift */ = {isa = PBXFileReference; lastKnownFileType = sourcecode.swift; path = CharacterService.swift; sourceTree = "<group>"; };
		9D0FAA702C0603E3001F41A6 /* MarvelCharactersView.swift */ = {isa = PBXFileReference; lastKnownFileType = sourcecode.swift; path = MarvelCharactersView.swift; sourceTree = "<group>"; };
		9D0FAA722C0603F7001F41A6 /* MarvelCharactersViewController.swift */ = {isa = PBXFileReference; lastKnownFileType = sourcecode.swift; path = MarvelCharactersViewController.swift; sourceTree = "<group>"; };
		9D0FAA742C060407001F41A6 /* MarvelCharactersViewController+Build.swift */ = {isa = PBXFileReference; lastKnownFileType = sourcecode.swift; path = "MarvelCharactersViewController+Build.swift"; sourceTree = "<group>"; };
		9D0FAA762C060419001F41A6 /* MarvelCharactersFlowCoordinator.swift */ = {isa = PBXFileReference; lastKnownFileType = sourcecode.swift; path = MarvelCharactersFlowCoordinator.swift; sourceTree = "<group>"; };
		9D0FAA782C060424001F41A6 /* MarvelCharactersFlowCoordinator+Build.swift */ = {isa = PBXFileReference; lastKnownFileType = sourcecode.swift; path = "MarvelCharactersFlowCoordinator+Build.swift"; sourceTree = "<group>"; };
		9D0FAA7A2C060432001F41A6 /* MarvelCharactersFlowCoordinatorModule.swift */ = {isa = PBXFileReference; lastKnownFileType = sourcecode.swift; path = MarvelCharactersFlowCoordinatorModule.swift; sourceTree = "<group>"; };
		9D0FAA7C2C06043E001F41A6 /* MarvelCharactersFlowCoordinatorAssembly.swift */ = {isa = PBXFileReference; lastKnownFileType = sourcecode.swift; path = MarvelCharactersFlowCoordinatorAssembly.swift; sourceTree = "<group>"; };
		9D0FAA7E2C060466001F41A6 /* MarvelCharactersInteractor.swift */ = {isa = PBXFileReference; lastKnownFileType = sourcecode.swift; path = MarvelCharactersInteractor.swift; sourceTree = "<group>"; };
		9D0FAA802C06046F001F41A6 /* MarvelCharactersPresenter.swift */ = {isa = PBXFileReference; lastKnownFileType = sourcecode.swift; path = MarvelCharactersPresenter.swift; sourceTree = "<group>"; };
		9D0FAA842C060632001F41A6 /* ApplicationFlowCoordinator.swift */ = {isa = PBXFileReference; lastKnownFileType = sourcecode.swift; path = ApplicationFlowCoordinator.swift; sourceTree = "<group>"; };
		9D0FAA862C060642001F41A6 /* ApplicationFlowCoordinator+Build.swift */ = {isa = PBXFileReference; lastKnownFileType = sourcecode.swift; path = "ApplicationFlowCoordinator+Build.swift"; sourceTree = "<group>"; };
		9D0FAA882C06064C001F41A6 /* ApplicationFlowCoordinatorModule.swift */ = {isa = PBXFileReference; lastKnownFileType = sourcecode.swift; path = ApplicationFlowCoordinatorModule.swift; sourceTree = "<group>"; };
		9D0FAA8A2C06065E001F41A6 /* ApplicationFlowCoordinatorAssembly.swift */ = {isa = PBXFileReference; lastKnownFileType = sourcecode.swift; path = ApplicationFlowCoordinatorAssembly.swift; sourceTree = "<group>"; };
		9D0FAA8D2C060AEA001F41A6 /* CoreAssembly.swift */ = {isa = PBXFileReference; lastKnownFileType = sourcecode.swift; path = CoreAssembly.swift; sourceTree = "<group>"; };
		9D0FAA922C063546001F41A6 /* CharacterViewModel.swift */ = {isa = PBXFileReference; lastKnownFileType = sourcecode.swift; path = CharacterViewModel.swift; sourceTree = "<group>"; };
		9D0FAA952C0636C7001F41A6 /* CharacterTableViewCell.swift */ = {isa = PBXFileReference; lastKnownFileType = sourcecode.swift; path = CharacterTableViewCell.swift; sourceTree = "<group>"; };
		9D8AED0E2C0FD29700412E20 /* MarvelAppTests.xctest */ = {isa = PBXFileReference; explicitFileType = wrapper.cfbundle; includeInIndex = 0; path = MarvelAppTests.xctest; sourceTree = BUILT_PRODUCTS_DIR; };
		9D8AED102C0FD29700412E20 /* MarvelAppTests.swift */ = {isa = PBXFileReference; lastKnownFileType = sourcecode.swift; path = MarvelAppTests.swift; sourceTree = "<group>"; };
		9D8AED172C0FD2CE00412E20 /* CharacterDetailPresenterTests.swift */ = {isa = PBXFileReference; lastKnownFileType = sourcecode.swift; path = CharacterDetailPresenterTests.swift; sourceTree = "<group>"; };
		9D8AED1D2C0FD33000412E20 /* MockCharacterDetailViewController.swift */ = {isa = PBXFileReference; lastKnownFileType = sourcecode.swift; path = MockCharacterDetailViewController.swift; sourceTree = "<group>"; };
		9DB103142C085BAD00D51703 /* ConstraintManager.swift */ = {isa = PBXFileReference; lastKnownFileType = sourcecode.swift; path = ConstraintManager.swift; sourceTree = "<group>"; };
		B650E9CD248ED369F1E4F45F /* Pods_MarvelApp.framework */ = {isa = PBXFileReference; explicitFileType = wrapper.framework; includeInIndex = 0; path = Pods_MarvelApp.framework; sourceTree = BUILT_PRODUCTS_DIR; };
/* End PBXFileReference section */

/* Begin PBXFrameworksBuildPhase section */
		9D0FAA452C05FC24001F41A6 /* Frameworks */ = {
			isa = PBXFrameworksBuildPhase;
			buildActionMask = 2147483647;
			files = (
				C9C24D98C56F93B34DD7DD4B /* Pods_MarvelApp.framework in Frameworks */,
			);
			runOnlyForDeploymentPostprocessing = 0;
		};
		9D8AED0B2C0FD29700412E20 /* Frameworks */ = {
			isa = PBXFrameworksBuildPhase;
			buildActionMask = 2147483647;
			files = (
			);
			runOnlyForDeploymentPostprocessing = 0;
		};
/* End PBXFrameworksBuildPhase section */

/* Begin PBXGroup section */
		5E0FA42DCDDB09393DF3DC46 /* Frameworks */ = {
			isa = PBXGroup;
			children = (
				B650E9CD248ED369F1E4F45F /* Pods_MarvelApp.framework */,
			);
			name = Frameworks;
			sourceTree = "<group>";
		};
		9D0D28492C06F14300C6F4DC /* CharacterDetailViewController */ = {
			isa = PBXGroup;
			children = (
				9D0D284E2C06F16200C6F4DC /* Model */,
				9D0D284A2C06F14E00C6F4DC /* View */,
				9D0D284B2C06F15300C6F4DC /* Interactor */,
				9D0D284C2C06F15800C6F4DC /* Presenter */,
			);
			path = CharacterDetailViewController;
			sourceTree = "<group>";
		};
		9D0D284A2C06F14E00C6F4DC /* View */ = {
			isa = PBXGroup;
			children = (
				9D0D285B2C071DA500C6F4DC /* Cell */,
				9D0D284F2C06F19000C6F4DC /* CharacterDetailView.swift */,
				9D0D28512C06F1A000C6F4DC /* CharacterDetailViewController.swift */,
				9D0D28532C06F1AB00C6F4DC /* CharacterDetailViewController+Build.swift */,
				9D8AED1D2C0FD33000412E20 /* MockCharacterDetailViewController.swift */,
			);
			path = View;
			sourceTree = "<group>";
		};
		9D0D284B2C06F15300C6F4DC /* Interactor */ = {
			isa = PBXGroup;
			children = (
				9D0D28552C06F1B500C6F4DC /* CharacterDetailInteractor.swift */,
				9D0033FC2C11CCF2001A0FFD /* CharacterDetailInteractorTests.swift */,
				9D0034002C11D1D6001A0FFD /* MockCharacterDetailCoordinator.swift */,
			);
			path = Interactor;
			sourceTree = "<group>";
		};
		9D0D284C2C06F15800C6F4DC /* Presenter */ = {
			isa = PBXGroup;
			children = (
				9D0D28572C06F1C100C6F4DC /* CharacterDetailPresenter.swift */,
				9D8AED172C0FD2CE00412E20 /* CharacterDetailPresenterTests.swift */,
				9D0033FA2C11CC8A001A0FFD /* MockCharacterDetailPresenter.swift */,
			);
			path = Presenter;
			sourceTree = "<group>";
		};
		9D0D284E2C06F16200C6F4DC /* Model */ = {
			isa = PBXGroup;
			children = (
				9D0D28592C06F1CD00C6F4DC /* CharacterDetailViewModel.swift */,
			);
			path = Model;
			sourceTree = "<group>";
		};
		9D0D285B2C071DA500C6F4DC /* Cell */ = {
			isa = PBXGroup;
			children = (
				9D0D285C2C071DB700C6F4DC /* CharacterDetailTableViewCell.swift */,
			);
			path = Cell;
			sourceTree = "<group>";
		};
		9D0D285E2C07231200C6F4DC /* Components */ = {
			isa = PBXGroup;
			children = (
				9DB103132C085B9D00D51703 /* ConstraintManager */,
				9D0D28702C0764B200C6F4DC /* Font */,
				9D0D286B2C0755A800C6F4DC /* Extensions */,
				9D0D285F2C07231900C6F4DC /* MarvelLoading */,
			);
			path = Components;
			sourceTree = "<group>";
		};
		9D0D285F2C07231900C6F4DC /* MarvelLoading */ = {
			isa = PBXGroup;
			children = (
				9D0D28602C07239300C6F4DC /* MarvelLoadingViewController.swift */,
				9D0D28642C0723B700C6F4DC /* MarvelLoadingDisplayable.swift */,
				9D0D28662C07242F00C6F4DC /* MarvelLoadingView.swift */,
			);
			path = MarvelLoading;
			sourceTree = "<group>";
		};
		9D0D286B2C0755A800C6F4DC /* Extensions */ = {
			isa = PBXGroup;
			children = (
				9D0D286C2C0755BC00C6F4DC /* String+MD5.swift */,
			);
			path = Extensions;
			sourceTree = "<group>";
		};
		9D0D28702C0764B200C6F4DC /* Font */ = {
			isa = PBXGroup;
			children = (
				9D0D28722C0764D500C6F4DC /* MarvelRegular.ttf */,
				9D0D28742C07653B00C6F4DC /* FontManager.swift */,
			);
			path = Font;
			sourceTree = "<group>";
		};
		9D0FAA3F2C05FC24001F41A6 = {
			isa = PBXGroup;
			children = (
				9D0D285E2C07231200C6F4DC /* Components */,
				9D0FAA622C060063001F41A6 /* Service */,
				9D0FAA612C060000001F41A6 /* Domain */,
				9D0FAA602C05FF54001F41A6 /* [Flow] - MarvelCharacters */,
				9D0FAA5F2C05FF43001F41A6 /* [Flow] - Application */,
				9D0FAA4A2C05FC24001F41A6 /* MarvelApp */,
				9D8AED0F2C0FD29700412E20 /* MarvelAppTests */,
				9D0FAA492C05FC24001F41A6 /* Products */,
				9D1C3BEA408EF0ACE49F9B96 /* Pods */,
				5E0FA42DCDDB09393DF3DC46 /* Frameworks */,
			);
			sourceTree = "<group>";
		};
		9D0FAA492C05FC24001F41A6 /* Products */ = {
			isa = PBXGroup;
			children = (
				9D0FAA482C05FC24001F41A6 /* MarvelApp.app */,
				9D8AED0E2C0FD29700412E20 /* MarvelAppTests.xctest */,
			);
			name = Products;
			sourceTree = "<group>";
		};
		9D0FAA4A2C05FC24001F41A6 /* MarvelApp */ = {
			isa = PBXGroup;
			children = (
				9D0FAA8C2C060ADF001F41A6 /* CoreAssembly */,
				9D0FAA4B2C05FC24001F41A6 /* AppDelegate.swift */,
				9D0FAA4D2C05FC24001F41A6 /* SceneDelegate.swift */,
				9D0FAA542C05FC25001F41A6 /* Assets.xcassets */,
				9D0FAA562C05FC25001F41A6 /* LaunchScreen.storyboard */,
				9D0FAA592C05FC25001F41A6 /* Info.plist */,
			);
			path = MarvelApp;
			sourceTree = "<group>";
		};
		9D0FAA5F2C05FF43001F41A6 /* [Flow] - Application */ = {
			isa = PBXGroup;
			children = (
				9D0FAA832C060620001F41A6 /* Coordinator */,
				9D0FAA822C06061D001F41A6 /* DI */,
			);
			path = "[Flow] - Application";
			sourceTree = "<group>";
		};
		9D0FAA602C05FF54001F41A6 /* [Flow] - MarvelCharacters */ = {
			isa = PBXGroup;
			children = (
				9D0FAA6B2C0603B7001F41A6 /* Screens */,
				9D0FAA6A2C0603B3001F41A6 /* Coordinator */,
				9D0FAA692C0603AF001F41A6 /* DI */,
			);
			path = "[Flow] - MarvelCharacters";
			sourceTree = "<group>";
		};
		9D0FAA612C060000001F41A6 /* Domain */ = {
			isa = PBXGroup;
			children = (
				9D0FAA652C0600E1001F41A6 /* Character.swift */,
			);
			path = Domain;
			sourceTree = "<group>";
		};
		9D0FAA622C060063001F41A6 /* Service */ = {
			isa = PBXGroup;
			children = (
				9D0FAA632C060077001F41A6 /* NetworkLayerConstant.swift */,
				9D0FAA672C0602D2001F41A6 /* CharacterService.swift */,
				9D0D28682C07555500C6F4DC /* ENV.swift */,
			);
			path = Service;
			sourceTree = "<group>";
		};
		9D0FAA692C0603AF001F41A6 /* DI */ = {
			isa = PBXGroup;
			children = (
				9D0FAA7A2C060432001F41A6 /* MarvelCharactersFlowCoordinatorModule.swift */,
				9D0FAA7C2C06043E001F41A6 /* MarvelCharactersFlowCoordinatorAssembly.swift */,
			);
			path = DI;
			sourceTree = "<group>";
		};
		9D0FAA6A2C0603B3001F41A6 /* Coordinator */ = {
			isa = PBXGroup;
			children = (
				9D0FAA762C060419001F41A6 /* MarvelCharactersFlowCoordinator.swift */,
				9D0FAA782C060424001F41A6 /* MarvelCharactersFlowCoordinator+Build.swift */,
			);
			path = Coordinator;
			sourceTree = "<group>";
		};
		9D0FAA6B2C0603B7001F41A6 /* Screens */ = {
			isa = PBXGroup;
			children = (
				9D0D28492C06F14300C6F4DC /* CharacterDetailViewController */,
				9D0FAA6C2C0603BE001F41A6 /* MarvelCharactersViewController */,
			);
			path = Screens;
			sourceTree = "<group>";
		};
		9D0FAA6C2C0603BE001F41A6 /* MarvelCharactersViewController */ = {
			isa = PBXGroup;
			children = (
				9D0FAA912C06353D001F41A6 /* Model */,
				9D0FAA6D2C0603C7001F41A6 /* View */,
				9D0FAA6E2C0603CB001F41A6 /* Interactor */,
				9D0FAA6F2C0603CF001F41A6 /* Presenter */,
			);
			path = MarvelCharactersViewController;
			sourceTree = "<group>";
		};
		9D0FAA6D2C0603C7001F41A6 /* View */ = {
			isa = PBXGroup;
			children = (
				9D0FAA942C0636B8001F41A6 /* Cell */,
				9D0FAA702C0603E3001F41A6 /* MarvelCharactersView.swift */,
				9D0FAA722C0603F7001F41A6 /* MarvelCharactersViewController.swift */,
				9D0FAA742C060407001F41A6 /* MarvelCharactersViewController+Build.swift */,
			);
			path = View;
			sourceTree = "<group>";
		};
		9D0FAA6E2C0603CB001F41A6 /* Interactor */ = {
			isa = PBXGroup;
			children = (
				9D0FAA7E2C060466001F41A6 /* MarvelCharactersInteractor.swift */,
			);
			path = Interactor;
			sourceTree = "<group>";
		};
		9D0FAA6F2C0603CF001F41A6 /* Presenter */ = {
			isa = PBXGroup;
			children = (
				9D0FAA802C06046F001F41A6 /* MarvelCharactersPresenter.swift */,
			);
			path = Presenter;
			sourceTree = "<group>";
		};
		9D0FAA822C06061D001F41A6 /* DI */ = {
			isa = PBXGroup;
			children = (
				9D0FAA882C06064C001F41A6 /* ApplicationFlowCoordinatorModule.swift */,
				9D0FAA8A2C06065E001F41A6 /* ApplicationFlowCoordinatorAssembly.swift */,
			);
			path = DI;
			sourceTree = "<group>";
		};
		9D0FAA832C060620001F41A6 /* Coordinator */ = {
			isa = PBXGroup;
			children = (
				9D0FAA842C060632001F41A6 /* ApplicationFlowCoordinator.swift */,
				9D0FAA862C060642001F41A6 /* ApplicationFlowCoordinator+Build.swift */,
			);
			path = Coordinator;
			sourceTree = "<group>";
		};
		9D0FAA8C2C060ADF001F41A6 /* CoreAssembly */ = {
			isa = PBXGroup;
			children = (
				9D0FAA8D2C060AEA001F41A6 /* CoreAssembly.swift */,
			);
			path = CoreAssembly;
			sourceTree = "<group>";
		};
		9D0FAA912C06353D001F41A6 /* Model */ = {
			isa = PBXGroup;
			children = (
				9D0FAA922C063546001F41A6 /* CharacterViewModel.swift */,
			);
			path = Model;
			sourceTree = "<group>";
		};
		9D0FAA942C0636B8001F41A6 /* Cell */ = {
			isa = PBXGroup;
			children = (
				9D0FAA952C0636C7001F41A6 /* CharacterTableViewCell.swift */,
			);
			path = Cell;
			sourceTree = "<group>";
		};
		9D1C3BEA408EF0ACE49F9B96 /* Pods */ = {
			isa = PBXGroup;
			children = (
				5ED6CEC1403B78C59D09E9C1 /* Pods-MarvelApp.debug.xcconfig */,
				9B0AF4AD7805A7D79F6C20F7 /* Pods-MarvelApp.release.xcconfig */,
			);
			path = Pods;
			sourceTree = "<group>";
		};
		9D8AED0F2C0FD29700412E20 /* MarvelAppTests */ = {
			isa = PBXGroup;
			children = (
				9D8AED102C0FD29700412E20 /* MarvelAppTests.swift */,
			);
			path = MarvelAppTests;
			sourceTree = "<group>";
		};
		9DB103132C085B9D00D51703 /* ConstraintManager */ = {
			isa = PBXGroup;
			children = (
				9DB103142C085BAD00D51703 /* ConstraintManager.swift */,
			);
			path = ConstraintManager;
			sourceTree = "<group>";
		};
/* End PBXGroup section */

/* Begin PBXNativeTarget section */
		9D0FAA472C05FC24001F41A6 /* MarvelApp */ = {
			isa = PBXNativeTarget;
			buildConfigurationList = 9D0FAA5C2C05FC25001F41A6 /* Build configuration list for PBXNativeTarget "MarvelApp" */;
			buildPhases = (
				0E8E870F654FFE0A5BE324A8 /* [CP] Check Pods Manifest.lock */,
				9D0FAA442C05FC24001F41A6 /* Sources */,
				9D0FAA452C05FC24001F41A6 /* Frameworks */,
				9D0FAA462C05FC24001F41A6 /* Resources */,
				86A27406EE95AE71DFEF4626 /* [CP] Embed Pods Frameworks */,
			);
			buildRules = (
			);
			dependencies = (
			);
			name = MarvelApp;
			productName = MarvelApp;
			productReference = 9D0FAA482C05FC24001F41A6 /* MarvelApp.app */;
			productType = "com.apple.product-type.application";
		};
		9D8AED0D2C0FD29700412E20 /* MarvelAppTests */ = {
			isa = PBXNativeTarget;
			buildConfigurationList = 9D8AED162C0FD29700412E20 /* Build configuration list for PBXNativeTarget "MarvelAppTests" */;
			buildPhases = (
				9D8AED0A2C0FD29700412E20 /* Sources */,
				9D8AED0B2C0FD29700412E20 /* Frameworks */,
				9D8AED0C2C0FD29700412E20 /* Resources */,
			);
			buildRules = (
			);
			dependencies = (
				9D8AED132C0FD29700412E20 /* PBXTargetDependency */,
			);
			name = MarvelAppTests;
			productName = MarvelAppTests;
			productReference = 9D8AED0E2C0FD29700412E20 /* MarvelAppTests.xctest */;
			productType = "com.apple.product-type.bundle.unit-test";
		};
/* End PBXNativeTarget section */

/* Begin PBXProject section */
		9D0FAA402C05FC24001F41A6 /* Project object */ = {
			isa = PBXProject;
			attributes = {
				BuildIndependentTargetsInParallel = 1;
				LastSwiftUpdateCheck = 1500;
				LastUpgradeCheck = 1500;
				TargetAttributes = {
					9D0FAA472C05FC24001F41A6 = {
						CreatedOnToolsVersion = 15.0;
					};
					9D8AED0D2C0FD29700412E20 = {
						CreatedOnToolsVersion = 15.0;
						TestTargetID = 9D0FAA472C05FC24001F41A6;
					};
				};
			};
			buildConfigurationList = 9D0FAA432C05FC24001F41A6 /* Build configuration list for PBXProject "MarvelApp" */;
			compatibilityVersion = "Xcode 14.0";
			developmentRegion = en;
			hasScannedForEncodings = 0;
			knownRegions = (
				en,
				Base,
			);
			mainGroup = 9D0FAA3F2C05FC24001F41A6;
			productRefGroup = 9D0FAA492C05FC24001F41A6 /* Products */;
			projectDirPath = "";
			projectRoot = "";
			targets = (
				9D0FAA472C05FC24001F41A6 /* MarvelApp */,
				9D8AED0D2C0FD29700412E20 /* MarvelAppTests */,
			);
		};
/* End PBXProject section */

/* Begin PBXResourcesBuildPhase section */
		9D0FAA462C05FC24001F41A6 /* Resources */ = {
			isa = PBXResourcesBuildPhase;
			buildActionMask = 2147483647;
			files = (
				9D0FAA582C05FC25001F41A6 /* LaunchScreen.storyboard in Resources */,
				9D0D28732C0764D500C6F4DC /* MarvelRegular.ttf in Resources */,
				9D0FAA552C05FC25001F41A6 /* Assets.xcassets in Resources */,
			);
			runOnlyForDeploymentPostprocessing = 0;
		};
		9D8AED0C2C0FD29700412E20 /* Resources */ = {
			isa = PBXResourcesBuildPhase;
			buildActionMask = 2147483647;
			files = (
			);
			runOnlyForDeploymentPostprocessing = 0;
		};
/* End PBXResourcesBuildPhase section */

/* Begin PBXShellScriptBuildPhase section */
		0E8E870F654FFE0A5BE324A8 /* [CP] Check Pods Manifest.lock */ = {
			isa = PBXShellScriptBuildPhase;
			buildActionMask = 2147483647;
			files = (
			);
			inputFileListPaths = (
			);
			inputPaths = (
				"${PODS_PODFILE_DIR_PATH}/Podfile.lock",
				"${PODS_ROOT}/Manifest.lock",
			);
			name = "[CP] Check Pods Manifest.lock";
			outputFileListPaths = (
			);
			outputPaths = (
				"$(DERIVED_FILE_DIR)/Pods-MarvelApp-checkManifestLockResult.txt",
			);
			runOnlyForDeploymentPostprocessing = 0;
			shellPath = /bin/sh;
			shellScript = "diff \"${PODS_PODFILE_DIR_PATH}/Podfile.lock\" \"${PODS_ROOT}/Manifest.lock\" > /dev/null\nif [ $? != 0 ] ; then\n    # print error to STDERR\n    echo \"error: The sandbox is not in sync with the Podfile.lock. Run 'pod install' or update your CocoaPods installation.\" >&2\n    exit 1\nfi\n# This output is used by Xcode 'outputs' to avoid re-running this script phase.\necho \"SUCCESS\" > \"${SCRIPT_OUTPUT_FILE_0}\"\n";
			showEnvVarsInLog = 0;
		};
		86A27406EE95AE71DFEF4626 /* [CP] Embed Pods Frameworks */ = {
			isa = PBXShellScriptBuildPhase;
			buildActionMask = 2147483647;
			files = (
			);
			inputFileListPaths = (
				"${PODS_ROOT}/Target Support Files/Pods-MarvelApp/Pods-MarvelApp-frameworks-${CONFIGURATION}-input-files.xcfilelist",
			);
			name = "[CP] Embed Pods Frameworks";
			outputFileListPaths = (
				"${PODS_ROOT}/Target Support Files/Pods-MarvelApp/Pods-MarvelApp-frameworks-${CONFIGURATION}-output-files.xcfilelist",
			);
			runOnlyForDeploymentPostprocessing = 0;
			shellPath = /bin/sh;
			shellScript = "\"${PODS_ROOT}/Target Support Files/Pods-MarvelApp/Pods-MarvelApp-frameworks.sh\"\n";
			showEnvVarsInLog = 0;
		};
/* End PBXShellScriptBuildPhase section */

/* Begin PBXSourcesBuildPhase section */
		9D0FAA442C05FC24001F41A6 /* Sources */ = {
			isa = PBXSourcesBuildPhase;
			buildActionMask = 2147483647;
			files = (
				9D0FAA682C0602D2001F41A6 /* CharacterService.swift in Sources */,
				9D0D28502C06F19000C6F4DC /* CharacterDetailView.swift in Sources */,
				9D0FAA4C2C05FC24001F41A6 /* AppDelegate.swift in Sources */,
				9D0D28652C0723B700C6F4DC /* MarvelLoadingDisplayable.swift in Sources */,
				9D0FAA7F2C060466001F41A6 /* MarvelCharactersInteractor.swift in Sources */,
				9D0FAA4E2C05FC24001F41A6 /* SceneDelegate.swift in Sources */,
				9D0FAA7D2C06043E001F41A6 /* MarvelCharactersFlowCoordinatorAssembly.swift in Sources */,
				9D0FAA812C06046F001F41A6 /* MarvelCharactersPresenter.swift in Sources */,
				9D0D28582C06F1C100C6F4DC /* CharacterDetailPresenter.swift in Sources */,
				9D0FAA712C0603E3001F41A6 /* MarvelCharactersView.swift in Sources */,
				9D0FAA7B2C060432001F41A6 /* MarvelCharactersFlowCoordinatorModule.swift in Sources */,
				9D0FAA962C0636C7001F41A6 /* CharacterTableViewCell.swift in Sources */,
				9DB103152C085BAD00D51703 /* ConstraintManager.swift in Sources */,
				9D0FAA8E2C060AEA001F41A6 /* CoreAssembly.swift in Sources */,
				9D0D28692C07555500C6F4DC /* ENV.swift in Sources */,
				9D0D28672C07242F00C6F4DC /* MarvelLoadingView.swift in Sources */,
				9D0FAA732C0603F7001F41A6 /* MarvelCharactersViewController.swift in Sources */,
				9D0FAA852C060632001F41A6 /* ApplicationFlowCoordinator.swift in Sources */,
				9D0FAA642C060077001F41A6 /* NetworkLayerConstant.swift in Sources */,
				9D0D28752C07653B00C6F4DC /* FontManager.swift in Sources */,
				9D0FAA8B2C06065E001F41A6 /* ApplicationFlowCoordinatorAssembly.swift in Sources */,
				9D0D285D2C071DB700C6F4DC /* CharacterDetailTableViewCell.swift in Sources */,
				9D0D28562C06F1B500C6F4DC /* CharacterDetailInteractor.swift in Sources */,
				9D0FAA892C06064C001F41A6 /* ApplicationFlowCoordinatorModule.swift in Sources */,
				9D0FAA752C060407001F41A6 /* MarvelCharactersViewController+Build.swift in Sources */,
				9D0D28612C07239300C6F4DC /* MarvelLoadingViewController.swift in Sources */,
				9D0D286D2C0755BC00C6F4DC /* String+MD5.swift in Sources */,
				9D0FAA872C060642001F41A6 /* ApplicationFlowCoordinator+Build.swift in Sources */,
				9D0FAA932C063546001F41A6 /* CharacterViewModel.swift in Sources */,
				9D0FAA772C060419001F41A6 /* MarvelCharactersFlowCoordinator.swift in Sources */,
				9D0D28522C06F1A000C6F4DC /* CharacterDetailViewController.swift in Sources */,
				9D0FAA792C060424001F41A6 /* MarvelCharactersFlowCoordinator+Build.swift in Sources */,
				9D0D285A2C06F1CD00C6F4DC /* CharacterDetailViewModel.swift in Sources */,
				9D0D28542C06F1AB00C6F4DC /* CharacterDetailViewController+Build.swift in Sources */,
				9D0FAA662C0600E1001F41A6 /* Character.swift in Sources */,
			);
			runOnlyForDeploymentPostprocessing = 0;
		};
		9D8AED0A2C0FD29700412E20 /* Sources */ = {
			isa = PBXSourcesBuildPhase;
			buildActionMask = 2147483647;
			files = (
				9D8AED112C0FD29700412E20 /* MarvelAppTests.swift in Sources */,
				9D8AED1E2C0FD33000412E20 /* MockCharacterDetailViewController.swift in Sources */,
				9D8AED182C0FD2CE00412E20 /* CharacterDetailPresenterTests.swift in Sources */,
				9D0033FD2C11CCF2001A0FFD /* CharacterDetailInteractorTests.swift in Sources */,
				9D0033FB2C11CC8A001A0FFD /* MockCharacterDetailPresenter.swift in Sources */,
				9D0034012C11D1D6001A0FFD /* MockCharacterDetailCoordinator.swift in Sources */,
			);
			runOnlyForDeploymentPostprocessing = 0;
		};
/* End PBXSourcesBuildPhase section */

/* Begin PBXTargetDependency section */
		9D8AED132C0FD29700412E20 /* PBXTargetDependency */ = {
			isa = PBXTargetDependency;
			target = 9D0FAA472C05FC24001F41A6 /* MarvelApp */;
			targetProxy = 9D8AED122C0FD29700412E20 /* PBXContainerItemProxy */;
		};
/* End PBXTargetDependency section */

/* Begin PBXVariantGroup section */
		9D0FAA562C05FC25001F41A6 /* LaunchScreen.storyboard */ = {
			isa = PBXVariantGroup;
			children = (
				9D0FAA572C05FC25001F41A6 /* Base */,
			);
			name = LaunchScreen.storyboard;
			sourceTree = "<group>";
		};
/* End PBXVariantGroup section */

/* Begin XCBuildConfiguration section */
		9D0FAA5A2C05FC25001F41A6 /* Debug */ = {
			isa = XCBuildConfiguration;
			buildSettings = {
				ALWAYS_SEARCH_USER_PATHS = NO;
				ASSETCATALOG_COMPILER_GENERATE_SWIFT_ASSET_SYMBOL_EXTENSIONS = YES;
				CLANG_ANALYZER_NONNULL = YES;
				CLANG_ANALYZER_NUMBER_OBJECT_CONVERSION = YES_AGGRESSIVE;
				CLANG_CXX_LANGUAGE_STANDARD = "gnu++20";
				CLANG_ENABLE_MODULES = YES;
				CLANG_ENABLE_OBJC_ARC = YES;
				CLANG_ENABLE_OBJC_WEAK = YES;
				CLANG_WARN_BLOCK_CAPTURE_AUTORELEASING = YES;
				CLANG_WARN_BOOL_CONVERSION = YES;
				CLANG_WARN_COMMA = YES;
				CLANG_WARN_CONSTANT_CONVERSION = YES;
				CLANG_WARN_DEPRECATED_OBJC_IMPLEMENTATIONS = YES;
				CLANG_WARN_DIRECT_OBJC_ISA_USAGE = YES_ERROR;
				CLANG_WARN_DOCUMENTATION_COMMENTS = YES;
				CLANG_WARN_EMPTY_BODY = YES;
				CLANG_WARN_ENUM_CONVERSION = YES;
				CLANG_WARN_INFINITE_RECURSION = YES;
				CLANG_WARN_INT_CONVERSION = YES;
				CLANG_WARN_NON_LITERAL_NULL_CONVERSION = YES;
				CLANG_WARN_OBJC_IMPLICIT_RETAIN_SELF = YES;
				CLANG_WARN_OBJC_LITERAL_CONVERSION = YES;
				CLANG_WARN_OBJC_ROOT_CLASS = YES_ERROR;
				CLANG_WARN_QUOTED_INCLUDE_IN_FRAMEWORK_HEADER = YES;
				CLANG_WARN_RANGE_LOOP_ANALYSIS = YES;
				CLANG_WARN_STRICT_PROTOTYPES = YES;
				CLANG_WARN_SUSPICIOUS_MOVE = YES;
				CLANG_WARN_UNGUARDED_AVAILABILITY = YES_AGGRESSIVE;
				CLANG_WARN_UNREACHABLE_CODE = YES;
				CLANG_WARN__DUPLICATE_METHOD_MATCH = YES;
				COPY_PHASE_STRIP = NO;
				DEBUG_INFORMATION_FORMAT = dwarf;
				ENABLE_STRICT_OBJC_MSGSEND = YES;
				ENABLE_TESTABILITY = YES;
				ENABLE_USER_SCRIPT_SANDBOXING = YES;
				GCC_C_LANGUAGE_STANDARD = gnu17;
				GCC_DYNAMIC_NO_PIC = NO;
				GCC_NO_COMMON_BLOCKS = YES;
				GCC_OPTIMIZATION_LEVEL = 0;
				GCC_PREPROCESSOR_DEFINITIONS = (
					"DEBUG=1",
					"$(inherited)",
				);
				GCC_WARN_64_TO_32_BIT_CONVERSION = YES;
				GCC_WARN_ABOUT_RETURN_TYPE = YES_ERROR;
				GCC_WARN_UNDECLARED_SELECTOR = YES;
				GCC_WARN_UNINITIALIZED_AUTOS = YES_AGGRESSIVE;
				GCC_WARN_UNUSED_FUNCTION = YES;
				GCC_WARN_UNUSED_VARIABLE = YES;
				IPHONEOS_DEPLOYMENT_TARGET = 17.0;
				LOCALIZATION_PREFERS_STRING_CATALOGS = YES;
				MTL_ENABLE_DEBUG_INFO = INCLUDE_SOURCE;
				MTL_FAST_MATH = YES;
				ONLY_ACTIVE_ARCH = YES;
				SDKROOT = iphoneos;
				SWIFT_ACTIVE_COMPILATION_CONDITIONS = "DEBUG $(inherited)";
				SWIFT_OPTIMIZATION_LEVEL = "-Onone";
			};
			name = Debug;
		};
		9D0FAA5B2C05FC25001F41A6 /* Release */ = {
			isa = XCBuildConfiguration;
			buildSettings = {
				ALWAYS_SEARCH_USER_PATHS = NO;
				ASSETCATALOG_COMPILER_GENERATE_SWIFT_ASSET_SYMBOL_EXTENSIONS = YES;
				CLANG_ANALYZER_NONNULL = YES;
				CLANG_ANALYZER_NUMBER_OBJECT_CONVERSION = YES_AGGRESSIVE;
				CLANG_CXX_LANGUAGE_STANDARD = "gnu++20";
				CLANG_ENABLE_MODULES = YES;
				CLANG_ENABLE_OBJC_ARC = YES;
				CLANG_ENABLE_OBJC_WEAK = YES;
				CLANG_WARN_BLOCK_CAPTURE_AUTORELEASING = YES;
				CLANG_WARN_BOOL_CONVERSION = YES;
				CLANG_WARN_COMMA = YES;
				CLANG_WARN_CONSTANT_CONVERSION = YES;
				CLANG_WARN_DEPRECATED_OBJC_IMPLEMENTATIONS = YES;
				CLANG_WARN_DIRECT_OBJC_ISA_USAGE = YES_ERROR;
				CLANG_WARN_DOCUMENTATION_COMMENTS = YES;
				CLANG_WARN_EMPTY_BODY = YES;
				CLANG_WARN_ENUM_CONVERSION = YES;
				CLANG_WARN_INFINITE_RECURSION = YES;
				CLANG_WARN_INT_CONVERSION = YES;
				CLANG_WARN_NON_LITERAL_NULL_CONVERSION = YES;
				CLANG_WARN_OBJC_IMPLICIT_RETAIN_SELF = YES;
				CLANG_WARN_OBJC_LITERAL_CONVERSION = YES;
				CLANG_WARN_OBJC_ROOT_CLASS = YES_ERROR;
				CLANG_WARN_QUOTED_INCLUDE_IN_FRAMEWORK_HEADER = YES;
				CLANG_WARN_RANGE_LOOP_ANALYSIS = YES;
				CLANG_WARN_STRICT_PROTOTYPES = YES;
				CLANG_WARN_SUSPICIOUS_MOVE = YES;
				CLANG_WARN_UNGUARDED_AVAILABILITY = YES_AGGRESSIVE;
				CLANG_WARN_UNREACHABLE_CODE = YES;
				CLANG_WARN__DUPLICATE_METHOD_MATCH = YES;
				COPY_PHASE_STRIP = NO;
				DEBUG_INFORMATION_FORMAT = "dwarf-with-dsym";
				ENABLE_NS_ASSERTIONS = NO;
				ENABLE_STRICT_OBJC_MSGSEND = YES;
				ENABLE_USER_SCRIPT_SANDBOXING = YES;
				GCC_C_LANGUAGE_STANDARD = gnu17;
				GCC_NO_COMMON_BLOCKS = YES;
				GCC_WARN_64_TO_32_BIT_CONVERSION = YES;
				GCC_WARN_ABOUT_RETURN_TYPE = YES_ERROR;
				GCC_WARN_UNDECLARED_SELECTOR = YES;
				GCC_WARN_UNINITIALIZED_AUTOS = YES_AGGRESSIVE;
				GCC_WARN_UNUSED_FUNCTION = YES;
				GCC_WARN_UNUSED_VARIABLE = YES;
				IPHONEOS_DEPLOYMENT_TARGET = 17.0;
				LOCALIZATION_PREFERS_STRING_CATALOGS = YES;
				MTL_ENABLE_DEBUG_INFO = NO;
				MTL_FAST_MATH = YES;
				SDKROOT = iphoneos;
				SWIFT_COMPILATION_MODE = wholemodule;
				VALIDATE_PRODUCT = YES;
			};
			name = Release;
		};
		9D0FAA5D2C05FC25001F41A6 /* Debug */ = {
			isa = XCBuildConfiguration;
			baseConfigurationReference = 5ED6CEC1403B78C59D09E9C1 /* Pods-MarvelApp.debug.xcconfig */;
			buildSettings = {
				ASSETCATALOG_COMPILER_APPICON_NAME = AppIcon;
				ASSETCATALOG_COMPILER_GLOBAL_ACCENT_COLOR_NAME = AccentColor;
				CODE_SIGN_STYLE = Automatic;
				CURRENT_PROJECT_VERSION = 1;
				DEVELOPMENT_TEAM = 9MC2A957CM;
				ENABLE_USER_SCRIPT_SANDBOXING = NO;
				GENERATE_INFOPLIST_FILE = YES;
				INFOPLIST_FILE = MarvelApp/Info.plist;
				INFOPLIST_KEY_UIApplicationSupportsIndirectInputEvents = YES;
				INFOPLIST_KEY_UILaunchStoryboardName = LaunchScreen;
				INFOPLIST_KEY_UISupportedInterfaceOrientations_iPad = "UIInterfaceOrientationPortrait UIInterfaceOrientationPortraitUpsideDown UIInterfaceOrientationLandscapeLeft UIInterfaceOrientationLandscapeRight";
				INFOPLIST_KEY_UISupportedInterfaceOrientations_iPhone = "UIInterfaceOrientationPortrait UIInterfaceOrientationLandscapeLeft UIInterfaceOrientationLandscapeRight";
				LD_RUNPATH_SEARCH_PATHS = (
					"$(inherited)",
					"@executable_path/Frameworks",
				);
				MARKETING_VERSION = 1.0;
				PRODUCT_BUNDLE_IDENTIFIER = com.cagatay.MarvelApp;
				PRODUCT_NAME = "$(TARGET_NAME)";
				SWIFT_EMIT_LOC_STRINGS = YES;
				SWIFT_VERSION = 5.0;
				TARGETED_DEVICE_FAMILY = "1,2";
			};
			name = Debug;
		};
		9D0FAA5E2C05FC25001F41A6 /* Release */ = {
			isa = XCBuildConfiguration;
			baseConfigurationReference = 9B0AF4AD7805A7D79F6C20F7 /* Pods-MarvelApp.release.xcconfig */;
			buildSettings = {
				ASSETCATALOG_COMPILER_APPICON_NAME = AppIcon;
				ASSETCATALOG_COMPILER_GLOBAL_ACCENT_COLOR_NAME = AccentColor;
				CODE_SIGN_STYLE = Automatic;
				CURRENT_PROJECT_VERSION = 1;
				DEVELOPMENT_TEAM = 9MC2A957CM;
				ENABLE_USER_SCRIPT_SANDBOXING = NO;
				GENERATE_INFOPLIST_FILE = YES;
				INFOPLIST_FILE = MarvelApp/Info.plist;
				INFOPLIST_KEY_UIApplicationSupportsIndirectInputEvents = YES;
				INFOPLIST_KEY_UILaunchStoryboardName = LaunchScreen;
				INFOPLIST_KEY_UISupportedInterfaceOrientations_iPad = "UIInterfaceOrientationPortrait UIInterfaceOrientationPortraitUpsideDown UIInterfaceOrientationLandscapeLeft UIInterfaceOrientationLandscapeRight";
				INFOPLIST_KEY_UISupportedInterfaceOrientations_iPhone = "UIInterfaceOrientationPortrait UIInterfaceOrientationLandscapeLeft UIInterfaceOrientationLandscapeRight";
				LD_RUNPATH_SEARCH_PATHS = (
					"$(inherited)",
					"@executable_path/Frameworks",
				);
				MARKETING_VERSION = 1.0;
				PRODUCT_BUNDLE_IDENTIFIER = com.cagatay.MarvelApp;
				PRODUCT_NAME = "$(TARGET_NAME)";
				SWIFT_EMIT_LOC_STRINGS = YES;
				SWIFT_VERSION = 5.0;
				TARGETED_DEVICE_FAMILY = "1,2";
			};
			name = Release;
		};
		9D8AED142C0FD29700412E20 /* Debug */ = {
			isa = XCBuildConfiguration;
			buildSettings = {
				BUNDLE_LOADER = "$(TEST_HOST)";
				CODE_SIGN_STYLE = Automatic;
				CURRENT_PROJECT_VERSION = 1;
				DEVELOPMENT_TEAM = 9MC2A957CM;
				GENERATE_INFOPLIST_FILE = YES;
				MARKETING_VERSION = 1.0;
				PRODUCT_BUNDLE_IDENTIFIER = com.cagatay.MarvelAppTests;
				PRODUCT_NAME = "$(TARGET_NAME)";
				SUPPORTED_PLATFORMS = "iphoneos iphonesimulator";
				SUPPORTS_MACCATALYST = NO;
				SWIFT_EMIT_LOC_STRINGS = NO;
				SWIFT_VERSION = 5.0;
				TARGETED_DEVICE_FAMILY = "1,2";
				TEST_HOST = "$(BUILT_PRODUCTS_DIR)/MarvelApp.app/$(BUNDLE_EXECUTABLE_FOLDER_PATH)/MarvelApp";
			};
			name = Debug;
		};
		9D8AED152C0FD29700412E20 /* Release */ = {
			isa = XCBuildConfiguration;
			buildSettings = {
				BUNDLE_LOADER = "$(TEST_HOST)";
				CODE_SIGN_STYLE = Automatic;
				CURRENT_PROJECT_VERSION = 1;
				DEVELOPMENT_TEAM = 9MC2A957CM;
				GENERATE_INFOPLIST_FILE = YES;
				MARKETING_VERSION = 1.0;
				PRODUCT_BUNDLE_IDENTIFIER = com.cagatay.MarvelAppTests;
				PRODUCT_NAME = "$(TARGET_NAME)";
				SUPPORTED_PLATFORMS = "iphoneos iphonesimulator";
				SUPPORTS_MACCATALYST = NO;
				SWIFT_EMIT_LOC_STRINGS = NO;
				SWIFT_VERSION = 5.0;
				TARGETED_DEVICE_FAMILY = "1,2";
				TEST_HOST = "$(BUILT_PRODUCTS_DIR)/MarvelApp.app/$(BUNDLE_EXECUTABLE_FOLDER_PATH)/MarvelApp";
			};
			name = Release;
		};
/* End XCBuildConfiguration section */

/* Begin XCConfigurationList section */
		9D0FAA432C05FC24001F41A6 /* Build configuration list for PBXProject "MarvelApp" */ = {
			isa = XCConfigurationList;
			buildConfigurations = (
				9D0FAA5A2C05FC25001F41A6 /* Debug */,
				9D0FAA5B2C05FC25001F41A6 /* Release */,
			);
			defaultConfigurationIsVisible = 0;
			defaultConfigurationName = Release;
		};
		9D0FAA5C2C05FC25001F41A6 /* Build configuration list for PBXNativeTarget "MarvelApp" */ = {
			isa = XCConfigurationList;
			buildConfigurations = (
				9D0FAA5D2C05FC25001F41A6 /* Debug */,
				9D0FAA5E2C05FC25001F41A6 /* Release */,
			);
			defaultConfigurationIsVisible = 0;
			defaultConfigurationName = Release;
		};
		9D8AED162C0FD29700412E20 /* Build configuration list for PBXNativeTarget "MarvelAppTests" */ = {
			isa = XCConfigurationList;
			buildConfigurations = (
				9D8AED142C0FD29700412E20 /* Debug */,
				9D8AED152C0FD29700412E20 /* Release */,
			);
			defaultConfigurationIsVisible = 0;
			defaultConfigurationName = Release;
		};
/* End XCConfigurationList section */
	};
	rootObject = 9D0FAA402C05FC24001F41A6 /* Project object */;
}
